// !$*UTF8*$!
{
	archiveVersion = 1;
	classes = {
	};
	objectVersion = 51;
	objects = {

/* Begin PBXBuildFile section */
		04C8BF1524360E3E004C276F /* CircularImageView.swift in Sources */ = {isa = PBXBuildFile; fileRef = 04C8BF1424360E3E004C276F /* CircularImageView.swift */; };
		04C8BF1724360FE5004C276F /* CFProfileCell.swift in Sources */ = {isa = PBXBuildFile; fileRef = 04C8BF1624360FE5004C276F /* CFProfileCell.swift */; };
		04C8BF1924361038004C276F /* ProfileCollectionViewController.swift in Sources */ = {isa = PBXBuildFile; fileRef = 04C8BF1824361038004C276F /* ProfileCollectionViewController.swift */; };
		04C8BF1F24362F10004C276F /* ProfileMatchCollectionViewController.swift in Sources */ = {isa = PBXBuildFile; fileRef = 04C8BF1E24362F10004C276F /* ProfileMatchCollectionViewController.swift */; };
		04C8BF232436588E004C276F /* MatchingViewController.swift in Sources */ = {isa = PBXBuildFile; fileRef = 04C8BF222436588E004C276F /* MatchingViewController.swift */; };
		04E48AC62437554600A1C8DA /* PickerTextFieldManager.swift in Sources */ = {isa = PBXBuildFile; fileRef = 04E48AC52437554600A1C8DA /* PickerTextFieldManager.swift */; };
		4032CFAF7A15238C0B4A518C /* Pods_Catfish_CatfishUITests.framework in Frameworks */ = {isa = PBXBuildFile; fileRef = E412041373DC7AFF34CDE648 /* Pods_Catfish_CatfishUITests.framework */; };
		9CC074782434FEC800EB37C3 /* GameCoordinator.swift in Sources */ = {isa = PBXBuildFile; fileRef = 9CC074772434FEC800EB37C3 /* GameCoordinator.swift */; };
		8590C5782435002B004BC31C /* CFGameCell.swift in Sources */ = {isa = PBXBuildFile; fileRef = 8590C5772435002A004BC31C /* CFGameCell.swift */; };
		8590C57A243500A9004BC31C /* AddGameViewController.swift in Sources */ = {isa = PBXBuildFile; fileRef = 8590C579243500A9004BC31C /* AddGameViewController.swift */; };
		9CD918942432EADD00587BC0 /* AppDelegate.swift in Sources */ = {isa = PBXBuildFile; fileRef = 9CD918932432EADD00587BC0 /* AppDelegate.swift */; };
		9CD918962432EADD00587BC0 /* SceneDelegate.swift in Sources */ = {isa = PBXBuildFile; fileRef = 9CD918952432EADD00587BC0 /* SceneDelegate.swift */; };
		9CD918982432EADD00587BC0 /* ViewController.swift in Sources */ = {isa = PBXBuildFile; fileRef = 9CD918972432EADD00587BC0 /* ViewController.swift */; };
		9CD9189B2432EADD00587BC0 /* Main.storyboard in Resources */ = {isa = PBXBuildFile; fileRef = 9CD918992432EADD00587BC0 /* Main.storyboard */; };
		9CD9189D2432EAE000587BC0 /* Assets.xcassets in Resources */ = {isa = PBXBuildFile; fileRef = 9CD9189C2432EAE000587BC0 /* Assets.xcassets */; };
		9CD918A02432EAE000587BC0 /* LaunchScreen.storyboard in Resources */ = {isa = PBXBuildFile; fileRef = 9CD9189E2432EAE000587BC0 /* LaunchScreen.storyboard */; };
		9CD918AB2432EAE000587BC0 /* CatfishTests.swift in Sources */ = {isa = PBXBuildFile; fileRef = 9CD918AA2432EAE000587BC0 /* CatfishTests.swift */; };
		9CD918B62432EAE000587BC0 /* CatfishUITests.swift in Sources */ = {isa = PBXBuildFile; fileRef = 9CD918B52432EAE000587BC0 /* CatfishUITests.swift */; };
		9CD918DC2433B7A100587BC0 /* GameInstance.swift in Sources */ = {isa = PBXBuildFile; fileRef = 9CD918D62433B7A100587BC0 /* GameInstance.swift */; };
		9CD918DD2433B7A100587BC0 /* Like.swift in Sources */ = {isa = PBXBuildFile; fileRef = 9CD918D72433B7A100587BC0 /* Like.swift */; };
		9CD918DE2433B7A100587BC0 /* Profile.swift in Sources */ = {isa = PBXBuildFile; fileRef = 9CD918D82433B7A100587BC0 /* Profile.swift */; };
		9CD918DF2433B7A100587BC0 /* Post.swift in Sources */ = {isa = PBXBuildFile; fileRef = 9CD918D92433B7A100587BC0 /* Post.swift */; };
		9CD918E02433B7A100587BC0 /* User.swift in Sources */ = {isa = PBXBuildFile; fileRef = 9CD918DA2433B7A100587BC0 /* User.swift */; };
		9CD918E12433B7A100587BC0 /* Comment.swift in Sources */ = {isa = PBXBuildFile; fileRef = 9CD918DB2433B7A100587BC0 /* Comment.swift */; };
		9CD918E62433B7D500587BC0 /* UserController.swift in Sources */ = {isa = PBXBuildFile; fileRef = 9CD918E52433B7D500587BC0 /* UserController.swift */; };
		9CD918E92433BD6200587BC0 /* GoogleService-Info.plist in Resources */ = {isa = PBXBuildFile; fileRef = 9CD918E82433BD6200587BC0 /* GoogleService-Info.plist */; };
		9CD918EC2433D7E400587BC0 /* LoadingViewController.swift in Sources */ = {isa = PBXBuildFile; fileRef = 9CD918EB2433D7E400587BC0 /* LoadingViewController.swift */; };
		9CD918EE2433D8CE00587BC0 /* AppCoordinator.swift in Sources */ = {isa = PBXBuildFile; fileRef = 9CD918ED2433D8CE00587BC0 /* AppCoordinator.swift */; };
		9CD918F02433DDDF00587BC0 /* AuthService.swift in Sources */ = {isa = PBXBuildFile; fileRef = 9CD918EF2433DDDF00587BC0 /* AuthService.swift */; };
		9CD918F22434462100587BC0 /* AuthCoordinator.swift in Sources */ = {isa = PBXBuildFile; fileRef = 9CD918F12434462100587BC0 /* AuthCoordinator.swift */; };
		9CD918F72434EF1900587BC0 /* AuthEnums.swift in Sources */ = {isa = PBXBuildFile; fileRef = 9CD918F62434EF1900587BC0 /* AuthEnums.swift */; };
		9CD918FA2434F0F200587BC0 /* CoordinatorProtocols.swift in Sources */ = {isa = PBXBuildFile; fileRef = 9CD918F92434F0F200587BC0 /* CoordinatorProtocols.swift */; };
		BCE80230D413F0F2EE571314 /* Pods_CatfishTests.framework in Frameworks */ = {isa = PBXBuildFile; fileRef = A85D8011438611879D09344D /* Pods_CatfishTests.framework */; };
		C09580BE24340A6900E55916 /* CFPostCell.swift in Sources */ = {isa = PBXBuildFile; fileRef = C09580BD24340A6900E55916 /* CFPostCell.swift */; };
		C09580C124340B3600E55916 /* Constants.swift in Sources */ = {isa = PBXBuildFile; fileRef = C09580C024340B3600E55916 /* Constants.swift */; };
		C09580C424340B7D00E55916 /* NetworkController.swift in Sources */ = {isa = PBXBuildFile; fileRef = C09580C324340B7D00E55916 /* NetworkController.swift */; };
		C09580C724340D7F00E55916 /* CFPostImageView.swift in Sources */ = {isa = PBXBuildFile; fileRef = C09580C624340D7F00E55916 /* CFPostImageView.swift */; };
		C09580C924340EE300E55916 /* CFButton.swift in Sources */ = {isa = PBXBuildFile; fileRef = C09580C824340EE300E55916 /* CFButton.swift */; };
		C09580CB24340FCE00E55916 /* CFTitleLabel.swift in Sources */ = {isa = PBXBuildFile; fileRef = C09580CA24340FCE00E55916 /* CFTitleLabel.swift */; };
		C09580CD2434110F00E55916 /* CFBodyLabel.swift in Sources */ = {isa = PBXBuildFile; fileRef = C09580CC2434110F00E55916 /* CFBodyLabel.swift */; };
		C09580CF2434150C00E55916 /* UIView+Extension.swift in Sources */ = {isa = PBXBuildFile; fileRef = C09580CE2434150C00E55916 /* UIView+Extension.swift */; };
		C09580D22435474300E55916 /* UITextField+Convenience.swift in Sources */ = {isa = PBXBuildFile; fileRef = C09580D12435474300E55916 /* UITextField+Convenience.swift */; };
		C09580D42435475100E55916 /* UILabel+Convenience.swift in Sources */ = {isa = PBXBuildFile; fileRef = C09580D32435475100E55916 /* UILabel+Convenience.swift */; };
		C09580D6243547F700E55916 /* FeedViewController.swift in Sources */ = {isa = PBXBuildFile; fileRef = C09580D5243547F700E55916 /* FeedViewController.swift */; };
		C09580D92435480700E55916 /* InputAccessoryViewController.swift in Sources */ = {isa = PBXBuildFile; fileRef = C09580D72435480700E55916 /* InputAccessoryViewController.swift */; };
		C09580DA2435480700E55916 /* NewGameViewController.swift in Sources */ = {isa = PBXBuildFile; fileRef = C09580D82435480700E55916 /* NewGameViewController.swift */; };
		D781294EBAB16167C5D8B8A3 /* Pods_Catfish.framework in Frameworks */ = {isa = PBXBuildFile; fileRef = 5CB728BBE6667CD78D729242 /* Pods_Catfish.framework */; };
/* End PBXBuildFile section */

/* Begin PBXContainerItemProxy section */
		9CD918A72432EAE000587BC0 /* PBXContainerItemProxy */ = {
			isa = PBXContainerItemProxy;
			containerPortal = 9CD918882432EADD00587BC0 /* Project object */;
			proxyType = 1;
			remoteGlobalIDString = 9CD9188F2432EADD00587BC0;
			remoteInfo = Catfish;
		};
		9CD918B22432EAE000587BC0 /* PBXContainerItemProxy */ = {
			isa = PBXContainerItemProxy;
			containerPortal = 9CD918882432EADD00587BC0 /* Project object */;
			proxyType = 1;
			remoteGlobalIDString = 9CD9188F2432EADD00587BC0;
			remoteInfo = Catfish;
		};
/* End PBXContainerItemProxy section */

/* Begin PBXFileReference section */
		02AF1F8487090E63EA08AB09 /* Pods-Catfish-CatfishUITests.debug.xcconfig */ = {isa = PBXFileReference; includeInIndex = 1; lastKnownFileType = text.xcconfig; name = "Pods-Catfish-CatfishUITests.debug.xcconfig"; path = "Target Support Files/Pods-Catfish-CatfishUITests/Pods-Catfish-CatfishUITests.debug.xcconfig"; sourceTree = "<group>"; };
		04C8BF1424360E3E004C276F /* CircularImageView.swift */ = {isa = PBXFileReference; fileEncoding = 4; lastKnownFileType = sourcecode.swift; path = CircularImageView.swift; sourceTree = "<group>"; };
		04C8BF1624360FE5004C276F /* CFProfileCell.swift */ = {isa = PBXFileReference; fileEncoding = 4; lastKnownFileType = sourcecode.swift; path = CFProfileCell.swift; sourceTree = "<group>"; };
		04C8BF1824361038004C276F /* ProfileCollectionViewController.swift */ = {isa = PBXFileReference; fileEncoding = 4; lastKnownFileType = sourcecode.swift; path = ProfileCollectionViewController.swift; sourceTree = "<group>"; };
		04C8BF1E24362F10004C276F /* ProfileMatchCollectionViewController.swift */ = {isa = PBXFileReference; lastKnownFileType = sourcecode.swift; path = ProfileMatchCollectionViewController.swift; sourceTree = "<group>"; };
		04C8BF222436588E004C276F /* MatchingViewController.swift */ = {isa = PBXFileReference; lastKnownFileType = sourcecode.swift; path = MatchingViewController.swift; sourceTree = "<group>"; };
		04E48AC52437554600A1C8DA /* PickerTextFieldManager.swift */ = {isa = PBXFileReference; lastKnownFileType = sourcecode.swift; path = PickerTextFieldManager.swift; sourceTree = SOURCE_ROOT; };
		0EACC25E6D37D990176363A4 /* Pods-Catfish.release.xcconfig */ = {isa = PBXFileReference; includeInIndex = 1; lastKnownFileType = text.xcconfig; name = "Pods-Catfish.release.xcconfig"; path = "Target Support Files/Pods-Catfish/Pods-Catfish.release.xcconfig"; sourceTree = "<group>"; };
		5B9975F0BB384C962280CA6E /* Pods-Catfish-CatfishUITests.release.xcconfig */ = {isa = PBXFileReference; includeInIndex = 1; lastKnownFileType = text.xcconfig; name = "Pods-Catfish-CatfishUITests.release.xcconfig"; path = "Target Support Files/Pods-Catfish-CatfishUITests/Pods-Catfish-CatfishUITests.release.xcconfig"; sourceTree = "<group>"; };
		5CB728BBE6667CD78D729242 /* Pods_Catfish.framework */ = {isa = PBXFileReference; explicitFileType = wrapper.framework; includeInIndex = 0; path = Pods_Catfish.framework; sourceTree = BUILT_PRODUCTS_DIR; };
		7B79F343997FBCF52D572473 /* Pods-Catfish.debug.xcconfig */ = {isa = PBXFileReference; includeInIndex = 1; lastKnownFileType = text.xcconfig; name = "Pods-Catfish.debug.xcconfig"; path = "Target Support Files/Pods-Catfish/Pods-Catfish.debug.xcconfig"; sourceTree = "<group>"; };
		8590C5772435002A004BC31C /* CFGameCell.swift */ = {isa = PBXFileReference; lastKnownFileType = sourcecode.swift; path = CFGameCell.swift; sourceTree = "<group>"; };
		8590C579243500A9004BC31C /* AddGameViewController.swift */ = {isa = PBXFileReference; lastKnownFileType = sourcecode.swift; path = AddGameViewController.swift; sourceTree = "<group>"; };
		954C5B92C48E07EF4537D489 /* Pods-CatfishTests.debug.xcconfig */ = {isa = PBXFileReference; includeInIndex = 1; lastKnownFileType = text.xcconfig; name = "Pods-CatfishTests.debug.xcconfig"; path = "Target Support Files/Pods-CatfishTests/Pods-CatfishTests.debug.xcconfig"; sourceTree = "<group>"; };
		9CC074772434FEC800EB37C3 /* GameCoordinator.swift */ = {isa = PBXFileReference; lastKnownFileType = sourcecode.swift; path = GameCoordinator.swift; sourceTree = "<group>"; };
		9CD918902432EADD00587BC0 /* Catfish.app */ = {isa = PBXFileReference; explicitFileType = wrapper.application; includeInIndex = 0; path = Catfish.app; sourceTree = BUILT_PRODUCTS_DIR; };
		9CD918932432EADD00587BC0 /* AppDelegate.swift */ = {isa = PBXFileReference; lastKnownFileType = sourcecode.swift; path = AppDelegate.swift; sourceTree = "<group>"; };
		9CD918952432EADD00587BC0 /* SceneDelegate.swift */ = {isa = PBXFileReference; lastKnownFileType = sourcecode.swift; path = SceneDelegate.swift; sourceTree = "<group>"; };
		9CD918972432EADD00587BC0 /* ViewController.swift */ = {isa = PBXFileReference; lastKnownFileType = sourcecode.swift; path = ViewController.swift; sourceTree = "<group>"; };
		9CD9189A2432EADD00587BC0 /* Base */ = {isa = PBXFileReference; lastKnownFileType = file.storyboard; name = Base; path = Base.lproj/Main.storyboard; sourceTree = "<group>"; };
		9CD9189C2432EAE000587BC0 /* Assets.xcassets */ = {isa = PBXFileReference; lastKnownFileType = folder.assetcatalog; path = Assets.xcassets; sourceTree = "<group>"; };
		9CD9189F2432EAE000587BC0 /* Base */ = {isa = PBXFileReference; lastKnownFileType = file.storyboard; name = Base; path = Base.lproj/LaunchScreen.storyboard; sourceTree = "<group>"; };
		9CD918A12432EAE000587BC0 /* Info.plist */ = {isa = PBXFileReference; lastKnownFileType = text.plist.xml; path = Info.plist; sourceTree = "<group>"; };
		9CD918A62432EAE000587BC0 /* CatfishTests.xctest */ = {isa = PBXFileReference; explicitFileType = wrapper.cfbundle; includeInIndex = 0; path = CatfishTests.xctest; sourceTree = BUILT_PRODUCTS_DIR; };
		9CD918AA2432EAE000587BC0 /* CatfishTests.swift */ = {isa = PBXFileReference; lastKnownFileType = sourcecode.swift; path = CatfishTests.swift; sourceTree = "<group>"; };
		9CD918AC2432EAE000587BC0 /* Info.plist */ = {isa = PBXFileReference; lastKnownFileType = text.plist.xml; path = Info.plist; sourceTree = "<group>"; };
		9CD918B12432EAE000587BC0 /* CatfishUITests.xctest */ = {isa = PBXFileReference; explicitFileType = wrapper.cfbundle; includeInIndex = 0; path = CatfishUITests.xctest; sourceTree = BUILT_PRODUCTS_DIR; };
		9CD918B52432EAE000587BC0 /* CatfishUITests.swift */ = {isa = PBXFileReference; lastKnownFileType = sourcecode.swift; path = CatfishUITests.swift; sourceTree = "<group>"; };
		9CD918B72432EAE000587BC0 /* Info.plist */ = {isa = PBXFileReference; lastKnownFileType = text.plist.xml; path = Info.plist; sourceTree = "<group>"; };
		9CD918D62433B7A100587BC0 /* GameInstance.swift */ = {isa = PBXFileReference; fileEncoding = 4; lastKnownFileType = sourcecode.swift; name = GameInstance.swift; path = Models/GameInstance.swift; sourceTree = "<group>"; };
		9CD918D72433B7A100587BC0 /* Like.swift */ = {isa = PBXFileReference; fileEncoding = 4; lastKnownFileType = sourcecode.swift; name = Like.swift; path = Models/Like.swift; sourceTree = "<group>"; };
		9CD918D82433B7A100587BC0 /* Profile.swift */ = {isa = PBXFileReference; fileEncoding = 4; lastKnownFileType = sourcecode.swift; name = Profile.swift; path = Models/Profile.swift; sourceTree = "<group>"; };
		9CD918D92433B7A100587BC0 /* Post.swift */ = {isa = PBXFileReference; fileEncoding = 4; lastKnownFileType = sourcecode.swift; name = Post.swift; path = Models/Post.swift; sourceTree = "<group>"; };
		9CD918DA2433B7A100587BC0 /* User.swift */ = {isa = PBXFileReference; fileEncoding = 4; lastKnownFileType = sourcecode.swift; name = User.swift; path = Models/User.swift; sourceTree = "<group>"; };
		9CD918DB2433B7A100587BC0 /* Comment.swift */ = {isa = PBXFileReference; fileEncoding = 4; lastKnownFileType = sourcecode.swift; name = Comment.swift; path = Models/Comment.swift; sourceTree = "<group>"; };
		9CD918E52433B7D500587BC0 /* UserController.swift */ = {isa = PBXFileReference; fileEncoding = 4; lastKnownFileType = sourcecode.swift; path = UserController.swift; sourceTree = "<group>"; };
		9CD918E82433BD6200587BC0 /* GoogleService-Info.plist */ = {isa = PBXFileReference; fileEncoding = 4; lastKnownFileType = text.plist.xml; path = "GoogleService-Info.plist"; sourceTree = "<group>"; };
		9CD918EA2433D1A200587BC0 /* Catfish.entitlements */ = {isa = PBXFileReference; lastKnownFileType = text.plist.entitlements; path = Catfish.entitlements; sourceTree = "<group>"; };
		9CD918EB2433D7E400587BC0 /* LoadingViewController.swift */ = {isa = PBXFileReference; lastKnownFileType = sourcecode.swift; path = LoadingViewController.swift; sourceTree = "<group>"; };
		9CD918ED2433D8CE00587BC0 /* AppCoordinator.swift */ = {isa = PBXFileReference; lastKnownFileType = sourcecode.swift; path = AppCoordinator.swift; sourceTree = "<group>"; };
		9CD918EF2433DDDF00587BC0 /* AuthService.swift */ = {isa = PBXFileReference; lastKnownFileType = sourcecode.swift; path = AuthService.swift; sourceTree = "<group>"; };
		9CD918F12434462100587BC0 /* AuthCoordinator.swift */ = {isa = PBXFileReference; lastKnownFileType = sourcecode.swift; path = AuthCoordinator.swift; sourceTree = "<group>"; };
		9CD918F62434EF1900587BC0 /* AuthEnums.swift */ = {isa = PBXFileReference; lastKnownFileType = sourcecode.swift; path = AuthEnums.swift; sourceTree = "<group>"; };
		9CD918F92434F0F200587BC0 /* CoordinatorProtocols.swift */ = {isa = PBXFileReference; lastKnownFileType = sourcecode.swift; path = CoordinatorProtocols.swift; sourceTree = "<group>"; };
		A85D8011438611879D09344D /* Pods_CatfishTests.framework */ = {isa = PBXFileReference; explicitFileType = wrapper.framework; includeInIndex = 0; path = Pods_CatfishTests.framework; sourceTree = BUILT_PRODUCTS_DIR; };
		C09580BD24340A6900E55916 /* CFPostCell.swift */ = {isa = PBXFileReference; lastKnownFileType = sourcecode.swift; path = CFPostCell.swift; sourceTree = "<group>"; };
		C09580C024340B3600E55916 /* Constants.swift */ = {isa = PBXFileReference; lastKnownFileType = sourcecode.swift; path = Constants.swift; sourceTree = "<group>"; };
		C09580C324340B7D00E55916 /* NetworkController.swift */ = {isa = PBXFileReference; lastKnownFileType = sourcecode.swift; path = NetworkController.swift; sourceTree = "<group>"; };
		C09580C624340D7F00E55916 /* CFPostImageView.swift */ = {isa = PBXFileReference; lastKnownFileType = sourcecode.swift; path = CFPostImageView.swift; sourceTree = "<group>"; };
		C09580C824340EE300E55916 /* CFButton.swift */ = {isa = PBXFileReference; lastKnownFileType = sourcecode.swift; path = CFButton.swift; sourceTree = "<group>"; };
		C09580CA24340FCE00E55916 /* CFTitleLabel.swift */ = {isa = PBXFileReference; lastKnownFileType = sourcecode.swift; path = CFTitleLabel.swift; sourceTree = "<group>"; };
		C09580CC2434110F00E55916 /* CFBodyLabel.swift */ = {isa = PBXFileReference; lastKnownFileType = sourcecode.swift; path = CFBodyLabel.swift; sourceTree = "<group>"; };
		C09580CE2434150C00E55916 /* UIView+Extension.swift */ = {isa = PBXFileReference; lastKnownFileType = sourcecode.swift; path = "UIView+Extension.swift"; sourceTree = "<group>"; };
		C09580D12435474300E55916 /* UITextField+Convenience.swift */ = {isa = PBXFileReference; fileEncoding = 4; lastKnownFileType = sourcecode.swift; path = "UITextField+Convenience.swift"; sourceTree = "<group>"; };
		C09580D32435475100E55916 /* UILabel+Convenience.swift */ = {isa = PBXFileReference; fileEncoding = 4; lastKnownFileType = sourcecode.swift; path = "UILabel+Convenience.swift"; sourceTree = "<group>"; };
		C09580D5243547F700E55916 /* FeedViewController.swift */ = {isa = PBXFileReference; fileEncoding = 4; lastKnownFileType = sourcecode.swift; path = FeedViewController.swift; sourceTree = "<group>"; };
		C09580D72435480700E55916 /* InputAccessoryViewController.swift */ = {isa = PBXFileReference; fileEncoding = 4; lastKnownFileType = sourcecode.swift; path = InputAccessoryViewController.swift; sourceTree = "<group>"; };
		C09580D82435480700E55916 /* NewGameViewController.swift */ = {isa = PBXFileReference; fileEncoding = 4; lastKnownFileType = sourcecode.swift; path = NewGameViewController.swift; sourceTree = "<group>"; };
		D8A0B94B8D441C8DF38DC431 /* Pods-CatfishTests.release.xcconfig */ = {isa = PBXFileReference; includeInIndex = 1; lastKnownFileType = text.xcconfig; name = "Pods-CatfishTests.release.xcconfig"; path = "Target Support Files/Pods-CatfishTests/Pods-CatfishTests.release.xcconfig"; sourceTree = "<group>"; };
		E412041373DC7AFF34CDE648 /* Pods_Catfish_CatfishUITests.framework */ = {isa = PBXFileReference; explicitFileType = wrapper.framework; includeInIndex = 0; path = Pods_Catfish_CatfishUITests.framework; sourceTree = BUILT_PRODUCTS_DIR; };
/* End PBXFileReference section */

/* Begin PBXFrameworksBuildPhase section */
		9CD9188D2432EADD00587BC0 /* Frameworks */ = {
			isa = PBXFrameworksBuildPhase;
			buildActionMask = 2147483647;
			files = (
				D781294EBAB16167C5D8B8A3 /* Pods_Catfish.framework in Frameworks */,
			);
			runOnlyForDeploymentPostprocessing = 0;
		};
		9CD918A32432EAE000587BC0 /* Frameworks */ = {
			isa = PBXFrameworksBuildPhase;
			buildActionMask = 2147483647;
			files = (
				BCE80230D413F0F2EE571314 /* Pods_CatfishTests.framework in Frameworks */,
			);
			runOnlyForDeploymentPostprocessing = 0;
		};
		9CD918AE2432EAE000587BC0 /* Frameworks */ = {
			isa = PBXFrameworksBuildPhase;
			buildActionMask = 2147483647;
			files = (
				4032CFAF7A15238C0B4A518C /* Pods_Catfish_CatfishUITests.framework in Frameworks */,
			);
			runOnlyForDeploymentPostprocessing = 0;
		};
/* End PBXFrameworksBuildPhase section */

/* Begin PBXGroup section */
		0957BD3E08AFDB4AA823C2B2 /* Frameworks */ = {
			isa = PBXGroup;
			children = (
				5CB728BBE6667CD78D729242 /* Pods_Catfish.framework */,
				E412041373DC7AFF34CDE648 /* Pods_Catfish_CatfishUITests.framework */,
				A85D8011438611879D09344D /* Pods_CatfishTests.framework */,
			);
			name = Frameworks;
			sourceTree = "<group>";
		};
		9CD918872432EADD00587BC0 = {
			isa = PBXGroup;
			children = (
				9CD918922432EADD00587BC0 /* Catfish */,
				9CD918A92432EAE000587BC0 /* CatfishTests */,
				9CD918B42432EAE000587BC0 /* CatfishUITests */,
				9CD918912432EADD00587BC0 /* Products */,
				E5D3BF189FFCC8A77AC33EB0 /* Pods */,
				0957BD3E08AFDB4AA823C2B2 /* Frameworks */,
			);
			sourceTree = "<group>";
		};
		9CD918912432EADD00587BC0 /* Products */ = {
			isa = PBXGroup;
			children = (
				9CD918902432EADD00587BC0 /* Catfish.app */,
				9CD918A62432EAE000587BC0 /* CatfishTests.xctest */,
				9CD918B12432EAE000587BC0 /* CatfishUITests.xctest */,
			);
			name = Products;
			sourceTree = "<group>";
		};
		9CD918922432EADD00587BC0 /* Catfish */ = {
			isa = PBXGroup;
			children = (
				9CD918EA2433D1A200587BC0 /* Catfish.entitlements */,
				9CD918932432EADD00587BC0 /* AppDelegate.swift */,
				9CD918952432EADD00587BC0 /* SceneDelegate.swift */,
				9CD918ED2433D8CE00587BC0 /* AppCoordinator.swift */,
				9CC074772434FEC800EB37C3 /* GameCoordinator.swift */,
				9CD918F82434F0E100587BC0 /* Coordinator */,
				9CD918F52434EEC800587BC0 /* Auth */,
				9CD918D52433B77300587BC0 /* Models */,
				9CD918E42433B7D500587BC0 /* Model Controllers */,
				C09580BF24340A6E00E55916 /* Custom Views */,
				9CD918E72433B7F100587BC0 /* ViewControllers */,
				C09580D02434151200E55916 /* Extensions */,
				C09580C224340B3C00E55916 /* Utilities */,
				C09580C524340B8600E55916 /* Networking */,
				9CD918992432EADD00587BC0 /* Main.storyboard */,
				9CD9189C2432EAE000587BC0 /* Assets.xcassets */,
				9CD9189E2432EAE000587BC0 /* LaunchScreen.storyboard */,
				9CD918A12432EAE000587BC0 /* Info.plist */,
				9CD918E82433BD6200587BC0 /* GoogleService-Info.plist */,
			);
			path = Catfish;
			sourceTree = "<group>";
		};
		9CD918A92432EAE000587BC0 /* CatfishTests */ = {
			isa = PBXGroup;
			children = (
				9CD918AA2432EAE000587BC0 /* CatfishTests.swift */,
				9CD918AC2432EAE000587BC0 /* Info.plist */,
			);
			path = CatfishTests;
			sourceTree = "<group>";
		};
		9CD918B42432EAE000587BC0 /* CatfishUITests */ = {
			isa = PBXGroup;
			children = (
				9CD918B52432EAE000587BC0 /* CatfishUITests.swift */,
				9CD918B72432EAE000587BC0 /* Info.plist */,
			);
			path = CatfishUITests;
			sourceTree = "<group>";
		};
		9CD918D52433B77300587BC0 /* Models */ = {
			isa = PBXGroup;
			children = (
				9CD918DB2433B7A100587BC0 /* Comment.swift */,
				9CD918D62433B7A100587BC0 /* GameInstance.swift */,
				9CD918D72433B7A100587BC0 /* Like.swift */,
				9CD918D92433B7A100587BC0 /* Post.swift */,
				9CD918D82433B7A100587BC0 /* Profile.swift */,
				9CD918DA2433B7A100587BC0 /* User.swift */,
			);
			name = Models;
			sourceTree = "<group>";
		};
		9CD918E42433B7D500587BC0 /* Model Controllers */ = {
			isa = PBXGroup;
			children = (
				9CD918E52433B7D500587BC0 /* UserController.swift */,
			);
			path = "Model Controllers";
			sourceTree = "<group>";
		};
		9CD918E72433B7F100587BC0 /* ViewControllers */ = {
			isa = PBXGroup;
			children = (
				9CD918972432EADD00587BC0 /* ViewController.swift */,
				C09580D5243547F700E55916 /* FeedViewController.swift */,
				04C8BF1824361038004C276F /* ProfileCollectionViewController.swift */,
				04C8BF1E24362F10004C276F /* ProfileMatchCollectionViewController.swift */,
				04C8BF222436588E004C276F /* MatchingViewController.swift */,
				C09580D72435480700E55916 /* InputAccessoryViewController.swift */,
				C09580D82435480700E55916 /* NewGameViewController.swift */,
				9CD918EB2433D7E400587BC0 /* LoadingViewController.swift */,
				8590C579243500A9004BC31C /* AddGameViewController.swift */,
			);
			path = ViewControllers;
			sourceTree = "<group>";
		};
		9CD918F52434EEC800587BC0 /* Auth */ = {
			isa = PBXGroup;
			children = (
				9CD918F12434462100587BC0 /* AuthCoordinator.swift */,
				9CD918EF2433DDDF00587BC0 /* AuthService.swift */,
				9CD918F62434EF1900587BC0 /* AuthEnums.swift */,
			);
			path = Auth;
			sourceTree = "<group>";
		};
		9CD918F82434F0E100587BC0 /* Coordinator */ = {
			isa = PBXGroup;
			children = (
				9CD918F92434F0F200587BC0 /* CoordinatorProtocols.swift */,
			);
			path = Coordinator;
		sourceTree = "<group>";
		};
		C09580BF24340A6E00E55916 /* Custom Views */ = {
			isa = PBXGroup;
			children = (
				C09580BD24340A6900E55916 /* CFPostCell.swift */,
				C09580C824340EE300E55916 /* CFButton.swift */,
				C09580CA24340FCE00E55916 /* CFTitleLabel.swift */,
				C09580CC2434110F00E55916 /* CFBodyLabel.swift */,
				C09580C624340D7F00E55916 /* CFPostImageView.swift */,
				8590C5772435002A004BC31C /* CFGameCell.swift */,
				04C8BF1424360E3E004C276F /* CircularImageView.swift */,
				04C8BF1624360FE5004C276F /* CFProfileCell.swift */,
			);
			path = "Custom Views";
			sourceTree = "<group>";
		};
		C09580C224340B3C00E55916 /* Utilities */ = {
			isa = PBXGroup;
			children = (
				04E48AC52437554600A1C8DA /* PickerTextFieldManager.swift */,
				C09580C024340B3600E55916 /* Constants.swift */,
			);
			path = Utilities;
			sourceTree = "<group>";
		};
		C09580C524340B8600E55916 /* Networking */ = {
			isa = PBXGroup;
			children = (
				C09580C324340B7D00E55916 /* NetworkController.swift */,
			);
			path = Networking;
			sourceTree = "<group>";
		};
		C09580D02434151200E55916 /* Extensions */ = {
			isa = PBXGroup;
			children = (
				C09580D32435475100E55916 /* UILabel+Convenience.swift */,
				C09580D12435474300E55916 /* UITextField+Convenience.swift */,
				C09580CE2434150C00E55916 /* UIView+Extension.swift */,
			);
			path = Extensions;
			sourceTree = "<group>";
		};
		E5D3BF189FFCC8A77AC33EB0 /* Pods */ = {
			isa = PBXGroup;
			children = (
				7B79F343997FBCF52D572473 /* Pods-Catfish.debug.xcconfig */,
				0EACC25E6D37D990176363A4 /* Pods-Catfish.release.xcconfig */,
				02AF1F8487090E63EA08AB09 /* Pods-Catfish-CatfishUITests.debug.xcconfig */,
				5B9975F0BB384C962280CA6E /* Pods-Catfish-CatfishUITests.release.xcconfig */,
				954C5B92C48E07EF4537D489 /* Pods-CatfishTests.debug.xcconfig */,
				D8A0B94B8D441C8DF38DC431 /* Pods-CatfishTests.release.xcconfig */,
			);
			path = Pods;
			sourceTree = "<group>";
		};
/* End PBXGroup section */

/* Begin PBXNativeTarget section */
		9CD9188F2432EADD00587BC0 /* Catfish */ = {
			isa = PBXNativeTarget;
			buildConfigurationList = 9CD918BA2432EAE000587BC0 /* Build configuration list for PBXNativeTarget "Catfish" */;
			buildPhases = (
				CE32D32E3F6F5438FFFDEACA /* [CP] Check Pods Manifest.lock */,
				9CD9188C2432EADD00587BC0 /* Sources */,
				9CD9188D2432EADD00587BC0 /* Frameworks */,
				9CD9188E2432EADD00587BC0 /* Resources */,
				EC2338565CFB75C00E370CEA /* [CP] Embed Pods Frameworks */,
				C9CB8F58A2AEBAC8D6AEC869 /* [CP] Copy Pods Resources */,
			);
			buildRules = (
			);
			dependencies = (
			);
			name = Catfish;
			productName = Catfish;
			productReference = 9CD918902432EADD00587BC0 /* Catfish.app */;
			productType = "com.apple.product-type.application";
		};
		9CD918A52432EAE000587BC0 /* CatfishTests */ = {
			isa = PBXNativeTarget;
			buildConfigurationList = 9CD918BD2432EAE000587BC0 /* Build configuration list for PBXNativeTarget "CatfishTests" */;
			buildPhases = (
				A180F3CBFDD0B0F94A2C9390 /* [CP] Check Pods Manifest.lock */,
				9CD918A22432EAE000587BC0 /* Sources */,
				9CD918A32432EAE000587BC0 /* Frameworks */,
				9CD918A42432EAE000587BC0 /* Resources */,
			);
			buildRules = (
			);
			dependencies = (
				9CD918A82432EAE000587BC0 /* PBXTargetDependency */,
			);
			name = CatfishTests;
			productName = CatfishTests;
			productReference = 9CD918A62432EAE000587BC0 /* CatfishTests.xctest */;
			productType = "com.apple.product-type.bundle.unit-test";
		};
		9CD918B02432EAE000587BC0 /* CatfishUITests */ = {
			isa = PBXNativeTarget;
			buildConfigurationList = 9CD918C02432EAE000587BC0 /* Build configuration list for PBXNativeTarget "CatfishUITests" */;
			buildPhases = (
				05A108D281159BC29BCE9AE7 /* [CP] Check Pods Manifest.lock */,
				9CD918AD2432EAE000587BC0 /* Sources */,
				9CD918AE2432EAE000587BC0 /* Frameworks */,
				9CD918AF2432EAE000587BC0 /* Resources */,
				C9BCC0C9334E884B3BF1018E /* [CP] Embed Pods Frameworks */,
				25E58D1A9D2FFCBA899E6D56 /* [CP] Copy Pods Resources */,
			);
			buildRules = (
			);
			dependencies = (
				9CD918B32432EAE000587BC0 /* PBXTargetDependency */,
			);
			name = CatfishUITests;
			productName = CatfishUITests;
			productReference = 9CD918B12432EAE000587BC0 /* CatfishUITests.xctest */;
			productType = "com.apple.product-type.bundle.ui-testing";
		};
/* End PBXNativeTarget section */

/* Begin PBXProject section */
		9CD918882432EADD00587BC0 /* Project object */ = {
			isa = PBXProject;
			attributes = {
				LastSwiftUpdateCheck = 1140;
				LastUpgradeCheck = 1140;
				ORGANIZATIONNAME = "James Pacheco";
				TargetAttributes = {
					9CD9188F2432EADD00587BC0 = {
						CreatedOnToolsVersion = 11.4;
					};
					9CD918A52432EAE000587BC0 = {
						CreatedOnToolsVersion = 11.4;
						TestTargetID = 9CD9188F2432EADD00587BC0;
					};
					9CD918B02432EAE000587BC0 = {
						CreatedOnToolsVersion = 11.4;
						TestTargetID = 9CD9188F2432EADD00587BC0;
					};
				};
			};
			buildConfigurationList = 9CD9188B2432EADD00587BC0 /* Build configuration list for PBXProject "Catfish" */;
			compatibilityVersion = "Xcode 9.3";
			developmentRegion = en;
			hasScannedForEncodings = 0;
			knownRegions = (
				en,
				Base,
			);
			mainGroup = 9CD918872432EADD00587BC0;
			productRefGroup = 9CD918912432EADD00587BC0 /* Products */;
			projectDirPath = "";
			projectRoot = "";
			targets = (
				9CD9188F2432EADD00587BC0 /* Catfish */,
				9CD918A52432EAE000587BC0 /* CatfishTests */,
				9CD918B02432EAE000587BC0 /* CatfishUITests */,
			);
		};
/* End PBXProject section */

/* Begin PBXResourcesBuildPhase section */
		9CD9188E2432EADD00587BC0 /* Resources */ = {
			isa = PBXResourcesBuildPhase;
			buildActionMask = 2147483647;
			files = (
				9CD918A02432EAE000587BC0 /* LaunchScreen.storyboard in Resources */,
				9CD918E92433BD6200587BC0 /* GoogleService-Info.plist in Resources */,
				9CD9189D2432EAE000587BC0 /* Assets.xcassets in Resources */,
				9CD9189B2432EADD00587BC0 /* Main.storyboard in Resources */,
			);
			runOnlyForDeploymentPostprocessing = 0;
		};
		9CD918A42432EAE000587BC0 /* Resources */ = {
			isa = PBXResourcesBuildPhase;
			buildActionMask = 2147483647;
			files = (
			);
			runOnlyForDeploymentPostprocessing = 0;
		};
		9CD918AF2432EAE000587BC0 /* Resources */ = {
			isa = PBXResourcesBuildPhase;
			buildActionMask = 2147483647;
			files = (
			);
			runOnlyForDeploymentPostprocessing = 0;
		};
/* End PBXResourcesBuildPhase section */

/* Begin PBXShellScriptBuildPhase section */
		05A108D281159BC29BCE9AE7 /* [CP] Check Pods Manifest.lock */ = {
			isa = PBXShellScriptBuildPhase;
			buildActionMask = 2147483647;
			files = (
			);
			inputFileListPaths = (
			);
			inputPaths = (
				"${PODS_PODFILE_DIR_PATH}/Podfile.lock",
				"${PODS_ROOT}/Manifest.lock",
			);
			name = "[CP] Check Pods Manifest.lock";
			outputFileListPaths = (
			);
			outputPaths = (
				"$(DERIVED_FILE_DIR)/Pods-Catfish-CatfishUITests-checkManifestLockResult.txt",
			);
			runOnlyForDeploymentPostprocessing = 0;
			shellPath = /bin/sh;
			shellScript = "diff \"${PODS_PODFILE_DIR_PATH}/Podfile.lock\" \"${PODS_ROOT}/Manifest.lock\" > /dev/null\nif [ $? != 0 ] ; then\n    # print error to STDERR\n    echo \"error: The sandbox is not in sync with the Podfile.lock. Run 'pod install' or update your CocoaPods installation.\" >&2\n    exit 1\nfi\n# This output is used by Xcode 'outputs' to avoid re-running this script phase.\necho \"SUCCESS\" > \"${SCRIPT_OUTPUT_FILE_0}\"\n";
			showEnvVarsInLog = 0;
		};
		25E58D1A9D2FFCBA899E6D56 /* [CP] Copy Pods Resources */ = {
			isa = PBXShellScriptBuildPhase;
			buildActionMask = 2147483647;
			files = (
			);
			inputFileListPaths = (
				"${PODS_ROOT}/Target Support Files/Pods-Catfish-CatfishUITests/Pods-Catfish-CatfishUITests-resources-${CONFIGURATION}-input-files.xcfilelist",
			);
			name = "[CP] Copy Pods Resources";
			outputFileListPaths = (
				"${PODS_ROOT}/Target Support Files/Pods-Catfish-CatfishUITests/Pods-Catfish-CatfishUITests-resources-${CONFIGURATION}-output-files.xcfilelist",
			);
			runOnlyForDeploymentPostprocessing = 0;
			shellPath = /bin/sh;
			shellScript = "\"${PODS_ROOT}/Target Support Files/Pods-Catfish-CatfishUITests/Pods-Catfish-CatfishUITests-resources.sh\"\n";
			showEnvVarsInLog = 0;
		};
		A180F3CBFDD0B0F94A2C9390 /* [CP] Check Pods Manifest.lock */ = {
			isa = PBXShellScriptBuildPhase;
			buildActionMask = 2147483647;
			files = (
			);
			inputFileListPaths = (
			);
			inputPaths = (
				"${PODS_PODFILE_DIR_PATH}/Podfile.lock",
				"${PODS_ROOT}/Manifest.lock",
			);
			name = "[CP] Check Pods Manifest.lock";
			outputFileListPaths = (
			);
			outputPaths = (
				"$(DERIVED_FILE_DIR)/Pods-CatfishTests-checkManifestLockResult.txt",
			);
			runOnlyForDeploymentPostprocessing = 0;
			shellPath = /bin/sh;
			shellScript = "diff \"${PODS_PODFILE_DIR_PATH}/Podfile.lock\" \"${PODS_ROOT}/Manifest.lock\" > /dev/null\nif [ $? != 0 ] ; then\n    # print error to STDERR\n    echo \"error: The sandbox is not in sync with the Podfile.lock. Run 'pod install' or update your CocoaPods installation.\" >&2\n    exit 1\nfi\n# This output is used by Xcode 'outputs' to avoid re-running this script phase.\necho \"SUCCESS\" > \"${SCRIPT_OUTPUT_FILE_0}\"\n";
			showEnvVarsInLog = 0;
		};
		C9BCC0C9334E884B3BF1018E /* [CP] Embed Pods Frameworks */ = {
			isa = PBXShellScriptBuildPhase;
			buildActionMask = 2147483647;
			files = (
			);
			inputFileListPaths = (
				"${PODS_ROOT}/Target Support Files/Pods-Catfish-CatfishUITests/Pods-Catfish-CatfishUITests-frameworks-${CONFIGURATION}-input-files.xcfilelist",
			);
			name = "[CP] Embed Pods Frameworks";
			outputFileListPaths = (
				"${PODS_ROOT}/Target Support Files/Pods-Catfish-CatfishUITests/Pods-Catfish-CatfishUITests-frameworks-${CONFIGURATION}-output-files.xcfilelist",
			);
			runOnlyForDeploymentPostprocessing = 0;
			shellPath = /bin/sh;
			shellScript = "\"${PODS_ROOT}/Target Support Files/Pods-Catfish-CatfishUITests/Pods-Catfish-CatfishUITests-frameworks.sh\"\n";
			showEnvVarsInLog = 0;
		};
		C9CB8F58A2AEBAC8D6AEC869 /* [CP] Copy Pods Resources */ = {
			isa = PBXShellScriptBuildPhase;
			buildActionMask = 2147483647;
			files = (
			);
			inputFileListPaths = (
				"${PODS_ROOT}/Target Support Files/Pods-Catfish/Pods-Catfish-resources-${CONFIGURATION}-input-files.xcfilelist",
			);
			name = "[CP] Copy Pods Resources";
			outputFileListPaths = (
				"${PODS_ROOT}/Target Support Files/Pods-Catfish/Pods-Catfish-resources-${CONFIGURATION}-output-files.xcfilelist",
			);
			runOnlyForDeploymentPostprocessing = 0;
			shellPath = /bin/sh;
			shellScript = "\"${PODS_ROOT}/Target Support Files/Pods-Catfish/Pods-Catfish-resources.sh\"\n";
			showEnvVarsInLog = 0;
		};
		CE32D32E3F6F5438FFFDEACA /* [CP] Check Pods Manifest.lock */ = {
			isa = PBXShellScriptBuildPhase;
			buildActionMask = 2147483647;
			files = (
			);
			inputFileListPaths = (
			);
			inputPaths = (
				"${PODS_PODFILE_DIR_PATH}/Podfile.lock",
				"${PODS_ROOT}/Manifest.lock",
			);
			name = "[CP] Check Pods Manifest.lock";
			outputFileListPaths = (
			);
			outputPaths = (
				"$(DERIVED_FILE_DIR)/Pods-Catfish-checkManifestLockResult.txt",
			);
			runOnlyForDeploymentPostprocessing = 0;
			shellPath = /bin/sh;
			shellScript = "diff \"${PODS_PODFILE_DIR_PATH}/Podfile.lock\" \"${PODS_ROOT}/Manifest.lock\" > /dev/null\nif [ $? != 0 ] ; then\n    # print error to STDERR\n    echo \"error: The sandbox is not in sync with the Podfile.lock. Run 'pod install' or update your CocoaPods installation.\" >&2\n    exit 1\nfi\n# This output is used by Xcode 'outputs' to avoid re-running this script phase.\necho \"SUCCESS\" > \"${SCRIPT_OUTPUT_FILE_0}\"\n";
			showEnvVarsInLog = 0;
		};
		EC2338565CFB75C00E370CEA /* [CP] Embed Pods Frameworks */ = {
			isa = PBXShellScriptBuildPhase;
			buildActionMask = 2147483647;
			files = (
			);
			inputFileListPaths = (
				"${PODS_ROOT}/Target Support Files/Pods-Catfish/Pods-Catfish-frameworks-${CONFIGURATION}-input-files.xcfilelist",
			);
			name = "[CP] Embed Pods Frameworks";
			outputFileListPaths = (
				"${PODS_ROOT}/Target Support Files/Pods-Catfish/Pods-Catfish-frameworks-${CONFIGURATION}-output-files.xcfilelist",
			);
			runOnlyForDeploymentPostprocessing = 0;
			shellPath = /bin/sh;
			shellScript = "\"${PODS_ROOT}/Target Support Files/Pods-Catfish/Pods-Catfish-frameworks.sh\"\n";
			showEnvVarsInLog = 0;
		};
/* End PBXShellScriptBuildPhase section */

/* Begin PBXSourcesBuildPhase section */
		9CD9188C2432EADD00587BC0 /* Sources */ = {
			isa = PBXSourcesBuildPhase;
			buildActionMask = 2147483647;
			files = (
				04C8BF1724360FE5004C276F /* CFProfileCell.swift in Sources */,
				04C8BF1524360E3E004C276F /* CircularImageView.swift in Sources */,
				C09580C924340EE300E55916 /* CFButton.swift in Sources */,
				C09580CB24340FCE00E55916 /* CFTitleLabel.swift in Sources */,
				04C8BF1924361038004C276F /* ProfileCollectionViewController.swift in Sources */,
				C09580C424340B7D00E55916 /* NetworkController.swift in Sources */,
				04C8BF232436588E004C276F /* MatchingViewController.swift in Sources */,
				9CD918EE2433D8CE00587BC0 /* AppCoordinator.swift in Sources */,
				9CD918DC2433B7A100587BC0 /* GameInstance.swift in Sources */,
				9CD918DE2433B7A100587BC0 /* Profile.swift in Sources */,
				9CD918E62433B7D500587BC0 /* UserController.swift in Sources */,
				9CD918F22434462100587BC0 /* AuthCoordinator.swift in Sources */,
				9CD918982432EADD00587BC0 /* ViewController.swift in Sources */,
				C09580C124340B3600E55916 /* Constants.swift in Sources */,
				C09580D42435475100E55916 /* UILabel+Convenience.swift in Sources */,
				C09580D22435474300E55916 /* UITextField+Convenience.swift in Sources */,
				04C8BF1F24362F10004C276F /* ProfileMatchCollectionViewController.swift in Sources */,
				9CD918942432EADD00587BC0 /* AppDelegate.swift in Sources */,
				8590C57A243500A9004BC31C /* AddGameViewController.swift in Sources */,
				9CD918F02433DDDF00587BC0 /* AuthService.swift in Sources */,
				C09580CD2434110F00E55916 /* CFBodyLabel.swift in Sources */,
				9CD918E02433B7A100587BC0 /* User.swift in Sources */,
				9CD918962432EADD00587BC0 /* SceneDelegate.swift in Sources */,
				9CD918F72434EF1900587BC0 /* AuthEnums.swift in Sources */,
				C09580D92435480700E55916 /* InputAccessoryViewController.swift in Sources */,
				04E48AC62437554600A1C8DA /* PickerTextFieldManager.swift in Sources */,
				C09580C724340D7F00E55916 /* CFPostImageView.swift in Sources */,
				C09580CF2434150C00E55916 /* UIView+Extension.swift in Sources */,
				9CD918DF2433B7A100587BC0 /* Post.swift in Sources */,
				C09580BE24340A6900E55916 /* CFPostCell.swift in Sources */,
				9CD918EC2433D7E400587BC0 /* LoadingViewController.swift in Sources */,
				9CD918E12433B7A100587BC0 /* Comment.swift in Sources */,
				9CD918FA2434F0F200587BC0 /* CoordinatorProtocols.swift in Sources */,
				9CC074782434FEC800EB37C3 /* GameCoordinator.swift in Sources */,
				8590C5782435002B004BC31C /* CFGameCell.swift in Sources */,
				C09580D6243547F700E55916 /* FeedViewController.swift in Sources */,
				9CD918DD2433B7A100587BC0 /* Like.swift in Sources */,
				C09580DA2435480700E55916 /* NewGameViewController.swift in Sources */,
			);
			runOnlyForDeploymentPostprocessing = 0;
		};
		9CD918A22432EAE000587BC0 /* Sources */ = {
			isa = PBXSourcesBuildPhase;
			buildActionMask = 2147483647;
			files = (
				9CD918AB2432EAE000587BC0 /* CatfishTests.swift in Sources */,
			);
			runOnlyForDeploymentPostprocessing = 0;
		};
		9CD918AD2432EAE000587BC0 /* Sources */ = {
			isa = PBXSourcesBuildPhase;
			buildActionMask = 2147483647;
			files = (
				9CD918B62432EAE000587BC0 /* CatfishUITests.swift in Sources */,
			);
			runOnlyForDeploymentPostprocessing = 0;
		};
/* End PBXSourcesBuildPhase section */

/* Begin PBXTargetDependency section */
		9CD918A82432EAE000587BC0 /* PBXTargetDependency */ = {
			isa = PBXTargetDependency;
			target = 9CD9188F2432EADD00587BC0 /* Catfish */;
			targetProxy = 9CD918A72432EAE000587BC0 /* PBXContainerItemProxy */;
		};
		9CD918B32432EAE000587BC0 /* PBXTargetDependency */ = {
			isa = PBXTargetDependency;
			target = 9CD9188F2432EADD00587BC0 /* Catfish */;
			targetProxy = 9CD918B22432EAE000587BC0 /* PBXContainerItemProxy */;
		};
/* End PBXTargetDependency section */

/* Begin PBXVariantGroup section */
		9CD918992432EADD00587BC0 /* Main.storyboard */ = {
			isa = PBXVariantGroup;
			children = (
				9CD9189A2432EADD00587BC0 /* Base */,
			);
			name = Main.storyboard;
			sourceTree = "<group>";
		};
		9CD9189E2432EAE000587BC0 /* LaunchScreen.storyboard */ = {
			isa = PBXVariantGroup;
			children = (
				9CD9189F2432EAE000587BC0 /* Base */,
			);
			name = LaunchScreen.storyboard;
			sourceTree = "<group>";
		};
/* End PBXVariantGroup section */

/* Begin XCBuildConfiguration section */
		9CD918B82432EAE000587BC0 /* Debug */ = {
			isa = XCBuildConfiguration;
			buildSettings = {
				ALWAYS_SEARCH_USER_PATHS = NO;
				CLANG_ANALYZER_NONNULL = YES;
				CLANG_ANALYZER_NUMBER_OBJECT_CONVERSION = YES_AGGRESSIVE;
				CLANG_CXX_LANGUAGE_STANDARD = "gnu++14";
				CLANG_CXX_LIBRARY = "libc++";
				CLANG_ENABLE_MODULES = YES;
				CLANG_ENABLE_OBJC_ARC = YES;
				CLANG_ENABLE_OBJC_WEAK = YES;
				CLANG_WARN_BLOCK_CAPTURE_AUTORELEASING = YES;
				CLANG_WARN_BOOL_CONVERSION = YES;
				CLANG_WARN_COMMA = YES;
				CLANG_WARN_CONSTANT_CONVERSION = YES;
				CLANG_WARN_DEPRECATED_OBJC_IMPLEMENTATIONS = YES;
				CLANG_WARN_DIRECT_OBJC_ISA_USAGE = YES_ERROR;
				CLANG_WARN_DOCUMENTATION_COMMENTS = YES;
				CLANG_WARN_EMPTY_BODY = YES;
				CLANG_WARN_ENUM_CONVERSION = YES;
				CLANG_WARN_INFINITE_RECURSION = YES;
				CLANG_WARN_INT_CONVERSION = YES;
				CLANG_WARN_NON_LITERAL_NULL_CONVERSION = YES;
				CLANG_WARN_OBJC_IMPLICIT_RETAIN_SELF = YES;
				CLANG_WARN_OBJC_LITERAL_CONVERSION = YES;
				CLANG_WARN_OBJC_ROOT_CLASS = YES_ERROR;
				CLANG_WARN_RANGE_LOOP_ANALYSIS = YES;
				CLANG_WARN_STRICT_PROTOTYPES = YES;
				CLANG_WARN_SUSPICIOUS_MOVE = YES;
				CLANG_WARN_UNGUARDED_AVAILABILITY = YES_AGGRESSIVE;
				CLANG_WARN_UNREACHABLE_CODE = YES;
				CLANG_WARN__DUPLICATE_METHOD_MATCH = YES;
				COPY_PHASE_STRIP = NO;
				DEBUG_INFORMATION_FORMAT = dwarf;
				ENABLE_STRICT_OBJC_MSGSEND = YES;
				ENABLE_TESTABILITY = YES;
				GCC_C_LANGUAGE_STANDARD = gnu11;
				GCC_DYNAMIC_NO_PIC = NO;
				GCC_NO_COMMON_BLOCKS = YES;
				GCC_OPTIMIZATION_LEVEL = 0;
				GCC_PREPROCESSOR_DEFINITIONS = (
					"DEBUG=1",
					"$(inherited)",
				);
				GCC_WARN_64_TO_32_BIT_CONVERSION = YES;
				GCC_WARN_ABOUT_RETURN_TYPE = YES_ERROR;
				GCC_WARN_UNDECLARED_SELECTOR = YES;
				GCC_WARN_UNINITIALIZED_AUTOS = YES_AGGRESSIVE;
				GCC_WARN_UNUSED_FUNCTION = YES;
				GCC_WARN_UNUSED_VARIABLE = YES;
				IPHONEOS_DEPLOYMENT_TARGET = 13.4;
				MTL_ENABLE_DEBUG_INFO = INCLUDE_SOURCE;
				MTL_FAST_MATH = YES;
				ONLY_ACTIVE_ARCH = YES;
				SDKROOT = iphoneos;
				SWIFT_ACTIVE_COMPILATION_CONDITIONS = DEBUG;
				SWIFT_OPTIMIZATION_LEVEL = "-Onone";
			};
			name = Debug;
		};
		9CD918B92432EAE000587BC0 /* Release */ = {
			isa = XCBuildConfiguration;
			buildSettings = {
				ALWAYS_SEARCH_USER_PATHS = NO;
				CLANG_ANALYZER_NONNULL = YES;
				CLANG_ANALYZER_NUMBER_OBJECT_CONVERSION = YES_AGGRESSIVE;
				CLANG_CXX_LANGUAGE_STANDARD = "gnu++14";
				CLANG_CXX_LIBRARY = "libc++";
				CLANG_ENABLE_MODULES = YES;
				CLANG_ENABLE_OBJC_ARC = YES;
				CLANG_ENABLE_OBJC_WEAK = YES;
				CLANG_WARN_BLOCK_CAPTURE_AUTORELEASING = YES;
				CLANG_WARN_BOOL_CONVERSION = YES;
				CLANG_WARN_COMMA = YES;
				CLANG_WARN_CONSTANT_CONVERSION = YES;
				CLANG_WARN_DEPRECATED_OBJC_IMPLEMENTATIONS = YES;
				CLANG_WARN_DIRECT_OBJC_ISA_USAGE = YES_ERROR;
				CLANG_WARN_DOCUMENTATION_COMMENTS = YES;
				CLANG_WARN_EMPTY_BODY = YES;
				CLANG_WARN_ENUM_CONVERSION = YES;
				CLANG_WARN_INFINITE_RECURSION = YES;
				CLANG_WARN_INT_CONVERSION = YES;
				CLANG_WARN_NON_LITERAL_NULL_CONVERSION = YES;
				CLANG_WARN_OBJC_IMPLICIT_RETAIN_SELF = YES;
				CLANG_WARN_OBJC_LITERAL_CONVERSION = YES;
				CLANG_WARN_OBJC_ROOT_CLASS = YES_ERROR;
				CLANG_WARN_RANGE_LOOP_ANALYSIS = YES;
				CLANG_WARN_STRICT_PROTOTYPES = YES;
				CLANG_WARN_SUSPICIOUS_MOVE = YES;
				CLANG_WARN_UNGUARDED_AVAILABILITY = YES_AGGRESSIVE;
				CLANG_WARN_UNREACHABLE_CODE = YES;
				CLANG_WARN__DUPLICATE_METHOD_MATCH = YES;
				COPY_PHASE_STRIP = NO;
				DEBUG_INFORMATION_FORMAT = "dwarf-with-dsym";
				ENABLE_NS_ASSERTIONS = NO;
				ENABLE_STRICT_OBJC_MSGSEND = YES;
				GCC_C_LANGUAGE_STANDARD = gnu11;
				GCC_NO_COMMON_BLOCKS = YES;
				GCC_WARN_64_TO_32_BIT_CONVERSION = YES;
				GCC_WARN_ABOUT_RETURN_TYPE = YES_ERROR;
				GCC_WARN_UNDECLARED_SELECTOR = YES;
				GCC_WARN_UNINITIALIZED_AUTOS = YES_AGGRESSIVE;
				GCC_WARN_UNUSED_FUNCTION = YES;
				GCC_WARN_UNUSED_VARIABLE = YES;
				IPHONEOS_DEPLOYMENT_TARGET = 13.4;
				MTL_ENABLE_DEBUG_INFO = NO;
				MTL_FAST_MATH = YES;
				SDKROOT = iphoneos;
				SWIFT_COMPILATION_MODE = wholemodule;
				SWIFT_OPTIMIZATION_LEVEL = "-O";
				VALIDATE_PRODUCT = YES;
			};
			name = Release;
		};
		9CD918BB2432EAE000587BC0 /* Debug */ = {
			isa = XCBuildConfiguration;
			baseConfigurationReference = 7B79F343997FBCF52D572473 /* Pods-Catfish.debug.xcconfig */;
			buildSettings = {
				ASSETCATALOG_COMPILER_APPICON_NAME = AppIcon;
				CODE_SIGN_ENTITLEMENTS = Catfish/Catfish.entitlements;
				CODE_SIGN_STYLE = Automatic;
				DEVELOPMENT_TEAM = 2HKCZL2J7X;
				INFOPLIST_FILE = Catfish/Info.plist;
				IPHONEOS_DEPLOYMENT_TARGET = 13.0;
				LD_RUNPATH_SEARCH_PATHS = (
					"$(inherited)",
					"@executable_path/Frameworks",
				);
				PRODUCT_BUNDLE_IDENTIFIER = com.beunboxed.Catfish;
				PRODUCT_NAME = "$(TARGET_NAME)";
				SWIFT_VERSION = 5.0;
				TARGETED_DEVICE_FAMILY = 1;
			};
			name = Debug;
		};
		9CD918BC2432EAE000587BC0 /* Release */ = {
			isa = XCBuildConfiguration;
			baseConfigurationReference = 0EACC25E6D37D990176363A4 /* Pods-Catfish.release.xcconfig */;
			buildSettings = {
				ASSETCATALOG_COMPILER_APPICON_NAME = AppIcon;
				CODE_SIGN_ENTITLEMENTS = Catfish/Catfish.entitlements;
				CODE_SIGN_STYLE = Automatic;
				DEVELOPMENT_TEAM = 2HKCZL2J7X;
				INFOPLIST_FILE = Catfish/Info.plist;
				IPHONEOS_DEPLOYMENT_TARGET = 13.0;
				LD_RUNPATH_SEARCH_PATHS = (
					"$(inherited)",
					"@executable_path/Frameworks",
				);
				PRODUCT_BUNDLE_IDENTIFIER = com.beunboxed.Catfish;
				PRODUCT_NAME = "$(TARGET_NAME)";
				SWIFT_VERSION = 5.0;
				TARGETED_DEVICE_FAMILY = 1;
			};
			name = Release;
		};
		9CD918BE2432EAE000587BC0 /* Debug */ = {
			isa = XCBuildConfiguration;
			baseConfigurationReference = 954C5B92C48E07EF4537D489 /* Pods-CatfishTests.debug.xcconfig */;
			buildSettings = {
				ALWAYS_EMBED_SWIFT_STANDARD_LIBRARIES = YES;
				BUNDLE_LOADER = "$(TEST_HOST)";
				CODE_SIGN_STYLE = Automatic;
				DEVELOPMENT_TEAM = 2HKCZL2J7X;
				INFOPLIST_FILE = CatfishTests/Info.plist;
				IPHONEOS_DEPLOYMENT_TARGET = 13.4;
				LD_RUNPATH_SEARCH_PATHS = (
					"$(inherited)",
					"@executable_path/Frameworks",
					"@loader_path/Frameworks",
				);
				PRODUCT_BUNDLE_IDENTIFIER = com.beunboxed.CatfishTests;
				PRODUCT_NAME = "$(TARGET_NAME)";
				SWIFT_VERSION = 5.0;
				TARGETED_DEVICE_FAMILY = "1,2";
				TEST_HOST = "$(BUILT_PRODUCTS_DIR)/Catfish.app/Catfish";
			};
			name = Debug;
		};
		9CD918BF2432EAE000587BC0 /* Release */ = {
			isa = XCBuildConfiguration;
			baseConfigurationReference = D8A0B94B8D441C8DF38DC431 /* Pods-CatfishTests.release.xcconfig */;
			buildSettings = {
				ALWAYS_EMBED_SWIFT_STANDARD_LIBRARIES = YES;
				BUNDLE_LOADER = "$(TEST_HOST)";
				CODE_SIGN_STYLE = Automatic;
				DEVELOPMENT_TEAM = 2HKCZL2J7X;
				INFOPLIST_FILE = CatfishTests/Info.plist;
				IPHONEOS_DEPLOYMENT_TARGET = 13.4;
				LD_RUNPATH_SEARCH_PATHS = (
					"$(inherited)",
					"@executable_path/Frameworks",
					"@loader_path/Frameworks",
				);
				PRODUCT_BUNDLE_IDENTIFIER = com.beunboxed.CatfishTests;
				PRODUCT_NAME = "$(TARGET_NAME)";
				SWIFT_VERSION = 5.0;
				TARGETED_DEVICE_FAMILY = "1,2";
				TEST_HOST = "$(BUILT_PRODUCTS_DIR)/Catfish.app/Catfish";
			};
			name = Release;
		};
		9CD918C12432EAE000587BC0 /* Debug */ = {
			isa = XCBuildConfiguration;
			baseConfigurationReference = 02AF1F8487090E63EA08AB09 /* Pods-Catfish-CatfishUITests.debug.xcconfig */;
			buildSettings = {
				ALWAYS_EMBED_SWIFT_STANDARD_LIBRARIES = YES;
				CODE_SIGN_STYLE = Automatic;
				DEVELOPMENT_TEAM = 2HKCZL2J7X;
				INFOPLIST_FILE = CatfishUITests/Info.plist;
				LD_RUNPATH_SEARCH_PATHS = (
					"$(inherited)",
					"@executable_path/Frameworks",
					"@loader_path/Frameworks",
				);
				PRODUCT_BUNDLE_IDENTIFIER = com.beunboxed.CatfishUITests;
				PRODUCT_NAME = "$(TARGET_NAME)";
				SWIFT_VERSION = 5.0;
				TARGETED_DEVICE_FAMILY = "1,2";
				TEST_TARGET_NAME = Catfish;
			};
			name = Debug;
		};
		9CD918C22432EAE000587BC0 /* Release */ = {
			isa = XCBuildConfiguration;
			baseConfigurationReference = 5B9975F0BB384C962280CA6E /* Pods-Catfish-CatfishUITests.release.xcconfig */;
			buildSettings = {
				ALWAYS_EMBED_SWIFT_STANDARD_LIBRARIES = YES;
				CODE_SIGN_STYLE = Automatic;
				DEVELOPMENT_TEAM = 2HKCZL2J7X;
				INFOPLIST_FILE = CatfishUITests/Info.plist;
				LD_RUNPATH_SEARCH_PATHS = (
					"$(inherited)",
					"@executable_path/Frameworks",
					"@loader_path/Frameworks",
				);
				PRODUCT_BUNDLE_IDENTIFIER = com.beunboxed.CatfishUITests;
				PRODUCT_NAME = "$(TARGET_NAME)";
				SWIFT_VERSION = 5.0;
				TARGETED_DEVICE_FAMILY = "1,2";
				TEST_TARGET_NAME = Catfish;
			};
			name = Release;
		};
/* End XCBuildConfiguration section */

/* Begin XCConfigurationList section */
		9CD9188B2432EADD00587BC0 /* Build configuration list for PBXProject "Catfish" */ = {
			isa = XCConfigurationList;
			buildConfigurations = (
				9CD918B82432EAE000587BC0 /* Debug */,
				9CD918B92432EAE000587BC0 /* Release */,
			);
			defaultConfigurationIsVisible = 0;
			defaultConfigurationName = Release;
		};
		9CD918BA2432EAE000587BC0 /* Build configuration list for PBXNativeTarget "Catfish" */ = {
			isa = XCConfigurationList;
			buildConfigurations = (
				9CD918BB2432EAE000587BC0 /* Debug */,
				9CD918BC2432EAE000587BC0 /* Release */,
			);
			defaultConfigurationIsVisible = 0;
			defaultConfigurationName = Release;
		};
		9CD918BD2432EAE000587BC0 /* Build configuration list for PBXNativeTarget "CatfishTests" */ = {
			isa = XCConfigurationList;
			buildConfigurations = (
				9CD918BE2432EAE000587BC0 /* Debug */,
				9CD918BF2432EAE000587BC0 /* Release */,
			);
			defaultConfigurationIsVisible = 0;
			defaultConfigurationName = Release;
		};
		9CD918C02432EAE000587BC0 /* Build configuration list for PBXNativeTarget "CatfishUITests" */ = {
			isa = XCConfigurationList;
			buildConfigurations = (
				9CD918C12432EAE000587BC0 /* Debug */,
				9CD918C22432EAE000587BC0 /* Release */,
			);
			defaultConfigurationIsVisible = 0;
			defaultConfigurationName = Release;
		};
/* End XCConfigurationList section */
	};
	rootObject = 9CD918882432EADD00587BC0 /* Project object */;
}
