// !$*UTF8*$!
{
	archiveVersion = 1;
	classes = {
	};
	objectVersion = 50;
	objects = {

/* Begin PBXBuildFile section */
		C09580992433AC5C00E55916 /* AppDelegate.swift in Sources */ = {isa = PBXBuildFile; fileRef = C09580982433AC5C00E55916 /* AppDelegate.swift */; };
		C095809B2433AC5C00E55916 /* SceneDelegate.swift in Sources */ = {isa = PBXBuildFile; fileRef = C095809A2433AC5C00E55916 /* SceneDelegate.swift */; };
		C095809D2433AC5C00E55916 /* ViewController.swift in Sources */ = {isa = PBXBuildFile; fileRef = C095809C2433AC5C00E55916 /* ViewController.swift */; };
		C09580A02433AC5C00E55916 /* Main.storyboard in Resources */ = {isa = PBXBuildFile; fileRef = C095809E2433AC5C00E55916 /* Main.storyboard */; };
		C09580A22433AC5D00E55916 /* Assets.xcassets in Resources */ = {isa = PBXBuildFile; fileRef = C09580A12433AC5D00E55916 /* Assets.xcassets */; };
		C09580A52433AC5D00E55916 /* LaunchScreen.storyboard in Resources */ = {isa = PBXBuildFile; fileRef = C09580A32433AC5D00E55916 /* LaunchScreen.storyboard */; };
		C09580AE2433ACE000E55916 /* User.swift in Sources */ = {isa = PBXBuildFile; fileRef = C09580AD2433ACE000E55916 /* User.swift */; };
		C09580B12433AD4900E55916 /* UserController.swift in Sources */ = {isa = PBXBuildFile; fileRef = C09580B02433AD4900E55916 /* UserController.swift */; };
		C09580B42433ADBF00E55916 /* Profile.swift in Sources */ = {isa = PBXBuildFile; fileRef = C09580B32433ADBF00E55916 /* Profile.swift */; };
		C09580B62433ADD400E55916 /* Post.swift in Sources */ = {isa = PBXBuildFile; fileRef = C09580B52433ADD400E55916 /* Post.swift */; };
		C09580B82433ADDC00E55916 /* Like.swift in Sources */ = {isa = PBXBuildFile; fileRef = C09580B72433ADDC00E55916 /* Like.swift */; };
		C09580BA2433ADE500E55916 /* Comment.swift in Sources */ = {isa = PBXBuildFile; fileRef = C09580B92433ADE500E55916 /* Comment.swift */; };
		C09580BC2433ADF400E55916 /* GameInstance.swift in Sources */ = {isa = PBXBuildFile; fileRef = C09580BB2433ADF400E55916 /* GameInstance.swift */; };
/* End PBXBuildFile section */

/* Begin PBXFileReference section */
		C09580952433AC5C00E55916 /* Catfish.app */ = {isa = PBXFileReference; explicitFileType = wrapper.application; includeInIndex = 0; path = Catfish.app; sourceTree = BUILT_PRODUCTS_DIR; };
		C09580982433AC5C00E55916 /* AppDelegate.swift */ = {isa = PBXFileReference; lastKnownFileType = sourcecode.swift; path = AppDelegate.swift; sourceTree = "<group>"; };
		C095809A2433AC5C00E55916 /* SceneDelegate.swift */ = {isa = PBXFileReference; lastKnownFileType = sourcecode.swift; path = SceneDelegate.swift; sourceTree = "<group>"; };
		C095809C2433AC5C00E55916 /* ViewController.swift */ = {isa = PBXFileReference; lastKnownFileType = sourcecode.swift; path = ViewController.swift; sourceTree = "<group>"; };
		C095809F2433AC5C00E55916 /* Base */ = {isa = PBXFileReference; lastKnownFileType = file.storyboard; name = Base; path = Base.lproj/Main.storyboard; sourceTree = "<group>"; };
		C09580A12433AC5D00E55916 /* Assets.xcassets */ = {isa = PBXFileReference; lastKnownFileType = folder.assetcatalog; path = Assets.xcassets; sourceTree = "<group>"; };
		C09580A42433AC5D00E55916 /* Base */ = {isa = PBXFileReference; lastKnownFileType = file.storyboard; name = Base; path = Base.lproj/LaunchScreen.storyboard; sourceTree = "<group>"; };
		C09580A62433AC5D00E55916 /* Info.plist */ = {isa = PBXFileReference; lastKnownFileType = text.plist.xml; path = Info.plist; sourceTree = "<group>"; };
		C09580AD2433ACE000E55916 /* User.swift */ = {isa = PBXFileReference; lastKnownFileType = sourcecode.swift; path = User.swift; sourceTree = "<group>"; };
		C09580B02433AD4900E55916 /* UserController.swift */ = {isa = PBXFileReference; lastKnownFileType = sourcecode.swift; path = UserController.swift; sourceTree = "<group>"; };
		C09580B32433ADBF00E55916 /* Profile.swift */ = {isa = PBXFileReference; lastKnownFileType = sourcecode.swift; path = Profile.swift; sourceTree = "<group>"; };
		C09580B52433ADD400E55916 /* Post.swift */ = {isa = PBXFileReference; lastKnownFileType = sourcecode.swift; path = Post.swift; sourceTree = "<group>"; };
		C09580B72433ADDC00E55916 /* Like.swift */ = {isa = PBXFileReference; lastKnownFileType = sourcecode.swift; path = Like.swift; sourceTree = "<group>"; };
		C09580B92433ADE500E55916 /* Comment.swift */ = {isa = PBXFileReference; lastKnownFileType = sourcecode.swift; path = Comment.swift; sourceTree = "<group>"; };
		C09580BB2433ADF400E55916 /* GameInstance.swift */ = {isa = PBXFileReference; lastKnownFileType = sourcecode.swift; path = GameInstance.swift; sourceTree = "<group>"; };
/* End PBXFileReference section */

/* Begin PBXFrameworksBuildPhase section */
		C09580922433AC5C00E55916 /* Frameworks */ = {
			isa = PBXFrameworksBuildPhase;
			buildActionMask = 2147483647;
			files = (
			);
			runOnlyForDeploymentPostprocessing = 0;
		};
/* End PBXFrameworksBuildPhase section */

/* Begin PBXGroup section */
		C095808C2433AC5C00E55916 = {
			isa = PBXGroup;
			children = (
				C09580972433AC5C00E55916 /* Catfish */,
				C09580962433AC5C00E55916 /* Products */,
			);
			sourceTree = "<group>";
		};
		C09580962433AC5C00E55916 /* Products */ = {
			isa = PBXGroup;
			children = (
				C09580952433AC5C00E55916 /* Catfish.app */,
			);
			name = Products;
			sourceTree = "<group>";
		};
		C09580972433AC5C00E55916 /* Catfish */ = {
			isa = PBXGroup;
			children = (
				C09580982433AC5C00E55916 /* AppDelegate.swift */,
				C095809A2433AC5C00E55916 /* SceneDelegate.swift */,
				C09580AC2433ACCF00E55916 /* View Controllers */,
				C09580B22433AD4E00E55916 /* Model Controllers */,
				C09580AF2433ACE700E55916 /* Models */,
				C095809E2433AC5C00E55916 /* Main.storyboard */,
				C09580A12433AC5D00E55916 /* Assets.xcassets */,
				C09580A32433AC5D00E55916 /* LaunchScreen.storyboard */,
				C09580A62433AC5D00E55916 /* Info.plist */,
			);
			path = Catfish;
			sourceTree = "<group>";
		};
		C09580AC2433ACCF00E55916 /* View Controllers */ = {
			isa = PBXGroup;
			children = (
				C095809C2433AC5C00E55916 /* ViewController.swift */,
			);
			path = "View Controllers";
			sourceTree = "<group>";
		};
		C09580AF2433ACE700E55916 /* Models */ = {
			isa = PBXGroup;
			children = (
				C09580AD2433ACE000E55916 /* User.swift */,
				C09580B32433ADBF00E55916 /* Profile.swift */,
				C09580B52433ADD400E55916 /* Post.swift */,
				C09580B72433ADDC00E55916 /* Like.swift */,
				C09580B92433ADE500E55916 /* Comment.swift */,
				C09580BB2433ADF400E55916 /* GameInstance.swift */,
			);
			path = Models;
			sourceTree = "<group>";
		};
		C09580B22433AD4E00E55916 /* Model Controllers */ = {
			isa = PBXGroup;
			children = (
				C09580B02433AD4900E55916 /* UserController.swift */,
			);
			path = "Model Controllers";
			sourceTree = "<group>";
		};
/* End PBXGroup section */

/* Begin PBXNativeTarget section */
		C09580942433AC5C00E55916 /* Catfish */ = {
			isa = PBXNativeTarget;
			buildConfigurationList = C09580A92433AC5D00E55916 /* Build configuration list for PBXNativeTarget "Catfish" */;
			buildPhases = (
				C09580912433AC5C00E55916 /* Sources */,
				C09580922433AC5C00E55916 /* Frameworks */,
				C09580932433AC5C00E55916 /* Resources */,
			);
			buildRules = (
			);
			dependencies = (
			);
			name = Catfish;
			productName = Catfish;
			productReference = C09580952433AC5C00E55916 /* Catfish.app */;
			productType = "com.apple.product-type.application";
		};
/* End PBXNativeTarget section */

/* Begin PBXProject section */
		C095808D2433AC5C00E55916 /* Project object */ = {
			isa = PBXProject;
			attributes = {
				LastSwiftUpdateCheck = 1130;
				LastUpgradeCheck = 1130;
				ORGANIZATIONNAME = morse;
				TargetAttributes = {
					C09580942433AC5C00E55916 = {
						CreatedOnToolsVersion = 11.3.1;
					};
				};
			};
			buildConfigurationList = C09580902433AC5C00E55916 /* Build configuration list for PBXProject "Catfish" */;
			compatibilityVersion = "Xcode 9.3";
			developmentRegion = en;
			hasScannedForEncodings = 0;
			knownRegions = (
				en,
				Base,
			);
			mainGroup = C095808C2433AC5C00E55916;
			productRefGroup = C09580962433AC5C00E55916 /* Products */;
			projectDirPath = "";
			projectRoot = "";
			targets = (
				C09580942433AC5C00E55916 /* Catfish */,
			);
		};
/* End PBXProject section */

/* Begin PBXResourcesBuildPhase section */
		C09580932433AC5C00E55916 /* Resources */ = {
			isa = PBXResourcesBuildPhase;
			buildActionMask = 2147483647;
			files = (
				C09580A52433AC5D00E55916 /* LaunchScreen.storyboard in Resources */,
				C09580A22433AC5D00E55916 /* Assets.xcassets in Resources */,
				C09580A02433AC5C00E55916 /* Main.storyboard in Resources */,
			);
			runOnlyForDeploymentPostprocessing = 0;
		};
/* End PBXResourcesBuildPhase section */

/* Begin PBXSourcesBuildPhase section */
		C09580912433AC5C00E55916 /* Sources */ = {
			isa = PBXSourcesBuildPhase;
			buildActionMask = 2147483647;
			files = (
				C09580BC2433ADF400E55916 /* GameInstance.swift in Sources */,
				C09580AE2433ACE000E55916 /* User.swift in Sources */,
				C09580B42433ADBF00E55916 /* Profile.swift in Sources */,
				C09580B82433ADDC00E55916 /* Like.swift in Sources */,
				C095809D2433AC5C00E55916 /* ViewController.swift in Sources */,
				C09580B12433AD4900E55916 /* UserController.swift in Sources */,
				C09580992433AC5C00E55916 /* AppDelegate.swift in Sources */,
				C09580B62433ADD400E55916 /* Post.swift in Sources */,
				C09580BA2433ADE500E55916 /* Comment.swift in Sources */,
				C095809B2433AC5C00E55916 /* SceneDelegate.swift in Sources */,
			);
			runOnlyForDeploymentPostprocessing = 0;
		};
/* End PBXSourcesBuildPhase section */

/* Begin PBXVariantGroup section */
		C095809E2433AC5C00E55916 /* Main.storyboard */ = {
			isa = PBXVariantGroup;
			children = (
				C095809F2433AC5C00E55916 /* Base */,
			);
			name = Main.storyboard;
			sourceTree = "<group>";
		};
		C09580A32433AC5D00E55916 /* LaunchScreen.storyboard */ = {
			isa = PBXVariantGroup;
			children = (
				C09580A42433AC5D00E55916 /* Base */,
			);
			name = LaunchScreen.storyboard;
			sourceTree = "<group>";
		};
/* End PBXVariantGroup section */

/* Begin XCBuildConfiguration section */
		C09580A72433AC5D00E55916 /* Debug */ = {
			isa = XCBuildConfiguration;
			buildSettings = {
				ALWAYS_SEARCH_USER_PATHS = NO;
				CLANG_ANALYZER_NONNULL = YES;
				CLANG_ANALYZER_NUMBER_OBJECT_CONVERSION = YES_AGGRESSIVE;
				CLANG_CXX_LANGUAGE_STANDARD = "gnu++14";
				CLANG_CXX_LIBRARY = "libc++";
				CLANG_ENABLE_MODULES = YES;
				CLANG_ENABLE_OBJC_ARC = YES;
				CLANG_ENABLE_OBJC_WEAK = YES;
				CLANG_WARN_BLOCK_CAPTURE_AUTORELEASING = YES;
				CLANG_WARN_BOOL_CONVERSION = YES;
				CLANG_WARN_COMMA = YES;
				CLANG_WARN_CONSTANT_CONVERSION = YES;
				CLANG_WARN_DEPRECATED_OBJC_IMPLEMENTATIONS = YES;
				CLANG_WARN_DIRECT_OBJC_ISA_USAGE = YES_ERROR;
				CLANG_WARN_DOCUMENTATION_COMMENTS = YES;
				CLANG_WARN_EMPTY_BODY = YES;
				CLANG_WARN_ENUM_CONVERSION = YES;
				CLANG_WARN_INFINITE_RECURSION = YES;
				CLANG_WARN_INT_CONVERSION = YES;
				CLANG_WARN_NON_LITERAL_NULL_CONVERSION = YES;
				CLANG_WARN_OBJC_IMPLICIT_RETAIN_SELF = YES;
				CLANG_WARN_OBJC_LITERAL_CONVERSION = YES;
				CLANG_WARN_OBJC_ROOT_CLASS = YES_ERROR;
				CLANG_WARN_RANGE_LOOP_ANALYSIS = YES;
				CLANG_WARN_STRICT_PROTOTYPES = YES;
				CLANG_WARN_SUSPICIOUS_MOVE = YES;
				CLANG_WARN_UNGUARDED_AVAILABILITY = YES_AGGRESSIVE;
				CLANG_WARN_UNREACHABLE_CODE = YES;
				CLANG_WARN__DUPLICATE_METHOD_MATCH = YES;
				COPY_PHASE_STRIP = NO;
				DEBUG_INFORMATION_FORMAT = dwarf;
				ENABLE_STRICT_OBJC_MSGSEND = YES;
				ENABLE_TESTABILITY = YES;
				GCC_C_LANGUAGE_STANDARD = gnu11;
				GCC_DYNAMIC_NO_PIC = NO;
				GCC_NO_COMMON_BLOCKS = YES;
				GCC_OPTIMIZATION_LEVEL = 0;
				GCC_PREPROCESSOR_DEFINITIONS = (
					"DEBUG=1",
					"$(inherited)",
				);
				GCC_WARN_64_TO_32_BIT_CONVERSION = YES;
				GCC_WARN_ABOUT_RETURN_TYPE = YES_ERROR;
				GCC_WARN_UNDECLARED_SELECTOR = YES;
				GCC_WARN_UNINITIALIZED_AUTOS = YES_AGGRESSIVE;
				GCC_WARN_UNUSED_FUNCTION = YES;
				GCC_WARN_UNUSED_VARIABLE = YES;
				IPHONEOS_DEPLOYMENT_TARGET = 13.2;
				MTL_ENABLE_DEBUG_INFO = INCLUDE_SOURCE;
				MTL_FAST_MATH = YES;
				ONLY_ACTIVE_ARCH = YES;
				SDKROOT = iphoneos;
				SWIFT_ACTIVE_COMPILATION_CONDITIONS = DEBUG;
				SWIFT_OPTIMIZATION_LEVEL = "-Onone";
			};
			name = Debug;
		};
		C09580A82433AC5D00E55916 /* Release */ = {
			isa = XCBuildConfiguration;
			buildSettings = {
				ALWAYS_SEARCH_USER_PATHS = NO;
				CLANG_ANALYZER_NONNULL = YES;
				CLANG_ANALYZER_NUMBER_OBJECT_CONVERSION = YES_AGGRESSIVE;
				CLANG_CXX_LANGUAGE_STANDARD = "gnu++14";
				CLANG_CXX_LIBRARY = "libc++";
				CLANG_ENABLE_MODULES = YES;
				CLANG_ENABLE_OBJC_ARC = YES;
				CLANG_ENABLE_OBJC_WEAK = YES;
				CLANG_WARN_BLOCK_CAPTURE_AUTORELEASING = YES;
				CLANG_WARN_BOOL_CONVERSION = YES;
				CLANG_WARN_COMMA = YES;
				CLANG_WARN_CONSTANT_CONVERSION = YES;
				CLANG_WARN_DEPRECATED_OBJC_IMPLEMENTATIONS = YES;
				CLANG_WARN_DIRECT_OBJC_ISA_USAGE = YES_ERROR;
				CLANG_WARN_DOCUMENTATION_COMMENTS = YES;
				CLANG_WARN_EMPTY_BODY = YES;
				CLANG_WARN_ENUM_CONVERSION = YES;
				CLANG_WARN_INFINITE_RECURSION = YES;
				CLANG_WARN_INT_CONVERSION = YES;
				CLANG_WARN_NON_LITERAL_NULL_CONVERSION = YES;
				CLANG_WARN_OBJC_IMPLICIT_RETAIN_SELF = YES;
				CLANG_WARN_OBJC_LITERAL_CONVERSION = YES;
				CLANG_WARN_OBJC_ROOT_CLASS = YES_ERROR;
				CLANG_WARN_RANGE_LOOP_ANALYSIS = YES;
				CLANG_WARN_STRICT_PROTOTYPES = YES;
				CLANG_WARN_SUSPICIOUS_MOVE = YES;
				CLANG_WARN_UNGUARDED_AVAILABILITY = YES_AGGRESSIVE;
				CLANG_WARN_UNREACHABLE_CODE = YES;
				CLANG_WARN__DUPLICATE_METHOD_MATCH = YES;
				COPY_PHASE_STRIP = NO;
				DEBUG_INFORMATION_FORMAT = "dwarf-with-dsym";
				ENABLE_NS_ASSERTIONS = NO;
				ENABLE_STRICT_OBJC_MSGSEND = YES;
				GCC_C_LANGUAGE_STANDARD = gnu11;
				GCC_NO_COMMON_BLOCKS = YES;
				GCC_WARN_64_TO_32_BIT_CONVERSION = YES;
				GCC_WARN_ABOUT_RETURN_TYPE = YES_ERROR;
				GCC_WARN_UNDECLARED_SELECTOR = YES;
				GCC_WARN_UNINITIALIZED_AUTOS = YES_AGGRESSIVE;
				GCC_WARN_UNUSED_FUNCTION = YES;
				GCC_WARN_UNUSED_VARIABLE = YES;
				IPHONEOS_DEPLOYMENT_TARGET = 13.2;
				MTL_ENABLE_DEBUG_INFO = NO;
				MTL_FAST_MATH = YES;
				SDKROOT = iphoneos;
				SWIFT_COMPILATION_MODE = wholemodule;
				SWIFT_OPTIMIZATION_LEVEL = "-O";
				VALIDATE_PRODUCT = YES;
			};
			name = Release;
		};
		C09580AA2433AC5D00E55916 /* Debug */ = {
			isa = XCBuildConfiguration;
			buildSettings = {
				ASSETCATALOG_COMPILER_APPICON_NAME = AppIcon;
				CODE_SIGN_STYLE = Automatic;
				INFOPLIST_FILE = Catfish/Info.plist;
				LD_RUNPATH_SEARCH_PATHS = (
					"$(inherited)",
					"@executable_path/Frameworks",
				);
				PRODUCT_BUNDLE_IDENTIFIER = git.Catfish;
				PRODUCT_NAME = "$(TARGET_NAME)";
				SWIFT_VERSION = 5.0;
				TARGETED_DEVICE_FAMILY = "1,2";
			};
			name = Debug;
		};
		C09580AB2433AC5D00E55916 /* Release */ = {
			isa = XCBuildConfiguration;
			buildSettings = {
				ASSETCATALOG_COMPILER_APPICON_NAME = AppIcon;
				CODE_SIGN_STYLE = Automatic;
				INFOPLIST_FILE = Catfish/Info.plist;
				LD_RUNPATH_SEARCH_PATHS = (
					"$(inherited)",
					"@executable_path/Frameworks",
				);
				PRODUCT_BUNDLE_IDENTIFIER = git.Catfish;
				PRODUCT_NAME = "$(TARGET_NAME)";
				SWIFT_VERSION = 5.0;
				TARGETED_DEVICE_FAMILY = "1,2";
			};
			name = Release;
		};
/* End XCBuildConfiguration section */

/* Begin XCConfigurationList section */
		C09580902433AC5C00E55916 /* Build configuration list for PBXProject "Catfish" */ = {
			isa = XCConfigurationList;
			buildConfigurations = (
				C09580A72433AC5D00E55916 /* Debug */,
				C09580A82433AC5D00E55916 /* Release */,
			);
			defaultConfigurationIsVisible = 0;
			defaultConfigurationName = Release;
		};
		C09580A92433AC5D00E55916 /* Build configuration list for PBXNativeTarget "Catfish" */ = {
			isa = XCConfigurationList;
			buildConfigurations = (
				C09580AA2433AC5D00E55916 /* Debug */,
				C09580AB2433AC5D00E55916 /* Release */,
			);
			defaultConfigurationIsVisible = 0;
			defaultConfigurationName = Release;
		};
/* End XCConfigurationList section */
	};
	rootObject = C095808D2433AC5C00E55916 /* Project object */;
}
